// !$*UTF8*$!
{
	archiveVersion = 1;
	classes = {
	};
	objectVersion = 50;
	objects = {

/* Begin PBXBuildFile section */
		25720E5625AD711B0092B36F /* dummy_swiftuiApp.swift in Sources */ = {isa = PBXBuildFile; fileRef = 25720E5525AD711B0092B36F /* dummy_swiftuiApp.swift */; };
		25720E5825AD711B0092B36F /* ContentView.swift in Sources */ = {isa = PBXBuildFile; fileRef = 25720E5725AD711B0092B36F /* ContentView.swift */; };
		25720E5A25AD711C0092B36F /* Assets.xcassets in Resources */ = {isa = PBXBuildFile; fileRef = 25720E5925AD711C0092B36F /* Assets.xcassets */; };
		25720E5D25AD711C0092B36F /* Preview Assets.xcassets in Resources */ = {isa = PBXBuildFile; fileRef = 25720E5C25AD711C0092B36F /* Preview Assets.xcassets */; };
		25720E6825AD711C0092B36F /* dummy_swiftuiTests.swift in Sources */ = {isa = PBXBuildFile; fileRef = 25720E6725AD711C0092B36F /* dummy_swiftuiTests.swift */; };
		25720E7325AD711C0092B36F /* dummy_swiftuiUITests.swift in Sources */ = {isa = PBXBuildFile; fileRef = 25720E7225AD711C0092B36F /* dummy_swiftuiUITests.swift */; };
/* End PBXBuildFile section */

/* Begin PBXContainerItemProxy section */
		25720E6425AD711C0092B36F /* PBXContainerItemProxy */ = {
			isa = PBXContainerItemProxy;
			containerPortal = 25720E4A25AD711B0092B36F /* Project object */;
			proxyType = 1;
			remoteGlobalIDString = 25720E5125AD711B0092B36F;
			remoteInfo = dummy_swiftui;
		};
		25720E6F25AD711C0092B36F /* PBXContainerItemProxy */ = {
			isa = PBXContainerItemProxy;
			containerPortal = 25720E4A25AD711B0092B36F /* Project object */;
			proxyType = 1;
			remoteGlobalIDString = 25720E5125AD711B0092B36F;
			remoteInfo = dummy_swiftui;
		};
/* End PBXContainerItemProxy section */

/* Begin PBXFileReference section */
		25720E5225AD711B0092B36F /* dummy_swiftui.app */ = {isa = PBXFileReference; explicitFileType = wrapper.application; includeInIndex = 0; path = dummy_swiftui.app; sourceTree = BUILT_PRODUCTS_DIR; };
		25720E5525AD711B0092B36F /* dummy_swiftuiApp.swift */ = {isa = PBXFileReference; lastKnownFileType = sourcecode.swift; path = dummy_swiftuiApp.swift; sourceTree = "<group>"; };
		25720E5725AD711B0092B36F /* ContentView.swift */ = {isa = PBXFileReference; lastKnownFileType = sourcecode.swift; path = ContentView.swift; sourceTree = "<group>"; };
		25720E5925AD711C0092B36F /* Assets.xcassets */ = {isa = PBXFileReference; lastKnownFileType = folder.assetcatalog; path = Assets.xcassets; sourceTree = "<group>"; };
		25720E5C25AD711C0092B36F /* Preview Assets.xcassets */ = {isa = PBXFileReference; lastKnownFileType = folder.assetcatalog; path = "Preview Assets.xcassets"; sourceTree = "<group>"; };
		25720E5E25AD711C0092B36F /* Info.plist */ = {isa = PBXFileReference; lastKnownFileType = text.plist.xml; path = Info.plist; sourceTree = "<group>"; };
		25720E6325AD711C0092B36F /* dummy_swiftuiTests.xctest */ = {isa = PBXFileReference; explicitFileType = wrapper.cfbundle; includeInIndex = 0; path = dummy_swiftuiTests.xctest; sourceTree = BUILT_PRODUCTS_DIR; };
		25720E6725AD711C0092B36F /* dummy_swiftuiTests.swift */ = {isa = PBXFileReference; lastKnownFileType = sourcecode.swift; path = dummy_swiftuiTests.swift; sourceTree = "<group>"; };
		25720E6925AD711C0092B36F /* Info.plist */ = {isa = PBXFileReference; lastKnownFileType = text.plist.xml; path = Info.plist; sourceTree = "<group>"; };
		25720E6E25AD711C0092B36F /* dummy_swiftuiUITests.xctest */ = {isa = PBXFileReference; explicitFileType = wrapper.cfbundle; includeInIndex = 0; path = dummy_swiftuiUITests.xctest; sourceTree = BUILT_PRODUCTS_DIR; };
		25720E7225AD711C0092B36F /* dummy_swiftuiUITests.swift */ = {isa = PBXFileReference; lastKnownFileType = sourcecode.swift; path = dummy_swiftuiUITests.swift; sourceTree = "<group>"; };
		25720E7425AD711C0092B36F /* Info.plist */ = {isa = PBXFileReference; lastKnownFileType = text.plist.xml; path = Info.plist; sourceTree = "<group>"; };
/* End PBXFileReference section */

/* Begin PBXFrameworksBuildPhase section */
		25720E4F25AD711B0092B36F /* Frameworks */ = {
			isa = PBXFrameworksBuildPhase;
			buildActionMask = 2147483647;
			files = (
			);
			runOnlyForDeploymentPostprocessing = 0;
		};
		25720E6025AD711C0092B36F /* Frameworks */ = {
			isa = PBXFrameworksBuildPhase;
			buildActionMask = 2147483647;
			files = (
			);
			runOnlyForDeploymentPostprocessing = 0;
		};
		25720E6B25AD711C0092B36F /* Frameworks */ = {
			isa = PBXFrameworksBuildPhase;
			buildActionMask = 2147483647;
			files = (
			);
			runOnlyForDeploymentPostprocessing = 0;
		};
/* End PBXFrameworksBuildPhase section */

/* Begin PBXGroup section */
		25720E4925AD711B0092B36F = {
			isa = PBXGroup;
			children = (
				25720E5425AD711B0092B36F /* dummy_swiftui */,
				25720E6625AD711C0092B36F /* dummy_swiftuiTests */,
				25720E7125AD711C0092B36F /* dummy_swiftuiUITests */,
				25720E5325AD711B0092B36F /* Products */,
			);
			sourceTree = "<group>";
		};
		25720E5325AD711B0092B36F /* Products */ = {
			isa = PBXGroup;
			children = (
				25720E5225AD711B0092B36F /* dummy_swiftui.app */,
				25720E6325AD711C0092B36F /* dummy_swiftuiTests.xctest */,
				25720E6E25AD711C0092B36F /* dummy_swiftuiUITests.xctest */,
			);
			name = Products;
			sourceTree = "<group>";
		};
		25720E5425AD711B0092B36F /* dummy_swiftui */ = {
			isa = PBXGroup;
			children = (
				25720E5525AD711B0092B36F /* dummy_swiftuiApp.swift */,
				25720E5725AD711B0092B36F /* ContentView.swift */,
				25720E5925AD711C0092B36F /* Assets.xcassets */,
				25720E5E25AD711C0092B36F /* Info.plist */,
				25720E5B25AD711C0092B36F /* Preview Content */,
			);
			path = dummy_swiftui;
			sourceTree = "<group>";
		};
		25720E5B25AD711C0092B36F /* Preview Content */ = {
			isa = PBXGroup;
			children = (
				25720E5C25AD711C0092B36F /* Preview Assets.xcassets */,
			);
			path = "Preview Content";
			sourceTree = "<group>";
		};
		25720E6625AD711C0092B36F /* dummy_swiftuiTests */ = {
			isa = PBXGroup;
			children = (
				25720E6725AD711C0092B36F /* dummy_swiftuiTests.swift */,
				25720E6925AD711C0092B36F /* Info.plist */,
			);
			path = dummy_swiftuiTests;
			sourceTree = "<group>";
		};
		25720E7125AD711C0092B36F /* dummy_swiftuiUITests */ = {
			isa = PBXGroup;
			children = (
				25720E7225AD711C0092B36F /* dummy_swiftuiUITests.swift */,
				25720E7425AD711C0092B36F /* Info.plist */,
			);
			path = dummy_swiftuiUITests;
			sourceTree = "<group>";
		};
/* End PBXGroup section */

/* Begin PBXNativeTarget section */
		25720E5125AD711B0092B36F /* dummy_swiftui */ = {
			isa = PBXNativeTarget;
			buildConfigurationList = 25720E7725AD711C0092B36F /* Build configuration list for PBXNativeTarget "dummy_swiftui" */;
			buildPhases = (
				25720E4E25AD711B0092B36F /* Sources */,
				25720E4F25AD711B0092B36F /* Frameworks */,
				25720E5025AD711B0092B36F /* Resources */,
			);
			buildRules = (
			);
			dependencies = (
			);
			name = dummy_swiftui;
			productName = dummy_swiftui;
			productReference = 25720E5225AD711B0092B36F /* dummy_swiftui.app */;
			productType = "com.apple.product-type.application";
		};
		25720E6225AD711C0092B36F /* dummy_swiftuiTests */ = {
			isa = PBXNativeTarget;
			buildConfigurationList = 25720E7A25AD711C0092B36F /* Build configuration list for PBXNativeTarget "dummy_swiftuiTests" */;
			buildPhases = (
				25720E5F25AD711C0092B36F /* Sources */,
				25720E6025AD711C0092B36F /* Frameworks */,
				25720E6125AD711C0092B36F /* Resources */,
			);
			buildRules = (
			);
			dependencies = (
				25720E6525AD711C0092B36F /* PBXTargetDependency */,
			);
			name = dummy_swiftuiTests;
			productName = dummy_swiftuiTests;
			productReference = 25720E6325AD711C0092B36F /* dummy_swiftuiTests.xctest */;
			productType = "com.apple.product-type.bundle.unit-test";
		};
		25720E6D25AD711C0092B36F /* dummy_swiftuiUITests */ = {
			isa = PBXNativeTarget;
			buildConfigurationList = 25720E7D25AD711C0092B36F /* Build configuration list for PBXNativeTarget "dummy_swiftuiUITests" */;
			buildPhases = (
				25720E6A25AD711C0092B36F /* Sources */,
				25720E6B25AD711C0092B36F /* Frameworks */,
				25720E6C25AD711C0092B36F /* Resources */,
			);
			buildRules = (
			);
			dependencies = (
				25720E7025AD711C0092B36F /* PBXTargetDependency */,
			);
			name = dummy_swiftuiUITests;
			productName = dummy_swiftuiUITests;
			productReference = 25720E6E25AD711C0092B36F /* dummy_swiftuiUITests.xctest */;
			productType = "com.apple.product-type.bundle.ui-testing";
		};
/* End PBXNativeTarget section */

/* Begin PBXProject section */
		25720E4A25AD711B0092B36F /* Project object */ = {
			isa = PBXProject;
			attributes = {
				LastSwiftUpdateCheck = 1230;
				LastUpgradeCheck = 1230;
				TargetAttributes = {
					25720E5125AD711B0092B36F = {
						CreatedOnToolsVersion = 12.3;
					};
					25720E6225AD711C0092B36F = {
						CreatedOnToolsVersion = 12.3;
						TestTargetID = 25720E5125AD711B0092B36F;
					};
					25720E6D25AD711C0092B36F = {
						CreatedOnToolsVersion = 12.3;
						TestTargetID = 25720E5125AD711B0092B36F;
					};
				};
			};
			buildConfigurationList = 25720E4D25AD711B0092B36F /* Build configuration list for PBXProject "dummy_swiftui" */;
			compatibilityVersion = "Xcode 9.3";
			developmentRegion = en;
			hasScannedForEncodings = 0;
			knownRegions = (
				en,
				Base,
			);
			mainGroup = 25720E4925AD711B0092B36F;
			productRefGroup = 25720E5325AD711B0092B36F /* Products */;
			projectDirPath = "";
			projectRoot = "";
			targets = (
				25720E5125AD711B0092B36F /* dummy_swiftui */,
				25720E6225AD711C0092B36F /* dummy_swiftuiTests */,
				25720E6D25AD711C0092B36F /* dummy_swiftuiUITests */,
			);
		};
/* End PBXProject section */

/* Begin PBXResourcesBuildPhase section */
		25720E5025AD711B0092B36F /* Resources */ = {
			isa = PBXResourcesBuildPhase;
			buildActionMask = 2147483647;
			files = (
				25720E5D25AD711C0092B36F /* Preview Assets.xcassets in Resources */,
				25720E5A25AD711C0092B36F /* Assets.xcassets in Resources */,
			);
			runOnlyForDeploymentPostprocessing = 0;
		};
		25720E6125AD711C0092B36F /* Resources */ = {
			isa = PBXResourcesBuildPhase;
			buildActionMask = 2147483647;
			files = (
			);
			runOnlyForDeploymentPostprocessing = 0;
		};
		25720E6C25AD711C0092B36F /* Resources */ = {
			isa = PBXResourcesBuildPhase;
			buildActionMask = 2147483647;
			files = (
			);
			runOnlyForDeploymentPostprocessing = 0;
		};
/* End PBXResourcesBuildPhase section */

/* Begin PBXSourcesBuildPhase section */
		25720E4E25AD711B0092B36F /* Sources */ = {
			isa = PBXSourcesBuildPhase;
			buildActionMask = 2147483647;
			files = (
				25720E5825AD711B0092B36F /* ContentView.swift in Sources */,
				25720E5625AD711B0092B36F /* dummy_swiftuiApp.swift in Sources */,
			);
			runOnlyForDeploymentPostprocessing = 0;
		};
		25720E5F25AD711C0092B36F /* Sources */ = {
			isa = PBXSourcesBuildPhase;
			buildActionMask = 2147483647;
			files = (
				25720E6825AD711C0092B36F /* dummy_swiftuiTests.swift in Sources */,
			);
			runOnlyForDeploymentPostprocessing = 0;
		};
		25720E6A25AD711C0092B36F /* Sources */ = {
			isa = PBXSourcesBuildPhase;
			buildActionMask = 2147483647;
			files = (
				25720E7325AD711C0092B36F /* dummy_swiftuiUITests.swift in Sources */,
			);
			runOnlyForDeploymentPostprocessing = 0;
		};
/* End PBXSourcesBuildPhase section */

/* Begin PBXTargetDependency section */
		25720E6525AD711C0092B36F /* PBXTargetDependency */ = {
			isa = PBXTargetDependency;
			target = 25720E5125AD711B0092B36F /* dummy_swiftui */;
			targetProxy = 25720E6425AD711C0092B36F /* PBXContainerItemProxy */;
		};
		25720E7025AD711C0092B36F /* PBXTargetDependency */ = {
			isa = PBXTargetDependency;
			target = 25720E5125AD711B0092B36F /* dummy_swiftui */;
			targetProxy = 25720E6F25AD711C0092B36F /* PBXContainerItemProxy */;
		};
/* End PBXTargetDependency section */

/* Begin XCBuildConfiguration section */
		25720E7525AD711C0092B36F /* Debug */ = {
			isa = XCBuildConfiguration;
			buildSettings = {
				ALWAYS_SEARCH_USER_PATHS = NO;
				CLANG_ANALYZER_NONNULL = YES;
				CLANG_ANALYZER_NUMBER_OBJECT_CONVERSION = YES_AGGRESSIVE;
				CLANG_CXX_LANGUAGE_STANDARD = "gnu++14";
				CLANG_CXX_LIBRARY = "libc++";
				CLANG_ENABLE_MODULES = YES;
				CLANG_ENABLE_OBJC_ARC = YES;
				CLANG_ENABLE_OBJC_WEAK = YES;
				CLANG_WARN_BLOCK_CAPTURE_AUTORELEASING = YES;
				CLANG_WARN_BOOL_CONVERSION = YES;
				CLANG_WARN_COMMA = YES;
				CLANG_WARN_CONSTANT_CONVERSION = YES;
				CLANG_WARN_DEPRECATED_OBJC_IMPLEMENTATIONS = YES;
				CLANG_WARN_DIRECT_OBJC_ISA_USAGE = YES_ERROR;
				CLANG_WARN_DOCUMENTATION_COMMENTS = YES;
				CLANG_WARN_EMPTY_BODY = YES;
				CLANG_WARN_ENUM_CONVERSION = YES;
				CLANG_WARN_INFINITE_RECURSION = YES;
				CLANG_WARN_INT_CONVERSION = YES;
				CLANG_WARN_NON_LITERAL_NULL_CONVERSION = YES;
				CLANG_WARN_OBJC_IMPLICIT_RETAIN_SELF = YES;
				CLANG_WARN_OBJC_LITERAL_CONVERSION = YES;
				CLANG_WARN_OBJC_ROOT_CLASS = YES_ERROR;
				CLANG_WARN_QUOTED_INCLUDE_IN_FRAMEWORK_HEADER = YES;
				CLANG_WARN_RANGE_LOOP_ANALYSIS = YES;
				CLANG_WARN_STRICT_PROTOTYPES = YES;
				CLANG_WARN_SUSPICIOUS_MOVE = YES;
				CLANG_WARN_UNGUARDED_AVAILABILITY = YES_AGGRESSIVE;
				CLANG_WARN_UNREACHABLE_CODE = YES;
				CLANG_WARN__DUPLICATE_METHOD_MATCH = YES;
				COPY_PHASE_STRIP = NO;
				DEBUG_INFORMATION_FORMAT = dwarf;
				ENABLE_STRICT_OBJC_MSGSEND = YES;
				ENABLE_TESTABILITY = YES;
				GCC_C_LANGUAGE_STANDARD = gnu11;
				GCC_DYNAMIC_NO_PIC = NO;
				GCC_NO_COMMON_BLOCKS = YES;
				GCC_OPTIMIZATION_LEVEL = 0;
				GCC_PREPROCESSOR_DEFINITIONS = (
					"DEBUG=1",
					"$(inherited)",
				);
				GCC_WARN_64_TO_32_BIT_CONVERSION = YES;
				GCC_WARN_ABOUT_RETURN_TYPE = YES_ERROR;
				GCC_WARN_UNDECLARED_SELECTOR = YES;
				GCC_WARN_UNINITIALIZED_AUTOS = YES_AGGRESSIVE;
				GCC_WARN_UNUSED_FUNCTION = YES;
				GCC_WARN_UNUSED_VARIABLE = YES;
				IPHONEOS_DEPLOYMENT_TARGET = 14.3;
				MTL_ENABLE_DEBUG_INFO = INCLUDE_SOURCE;
				MTL_FAST_MATH = YES;
				ONLY_ACTIVE_ARCH = YES;
				SDKROOT = iphoneos;
				SWIFT_ACTIVE_COMPILATION_CONDITIONS = DEBUG;
				SWIFT_OPTIMIZATION_LEVEL = "-Onone";
			};
			name = Debug;
		};
		25720E7625AD711C0092B36F /* Release */ = {
			isa = XCBuildConfiguration;
			buildSettings = {
				ALWAYS_SEARCH_USER_PATHS = NO;
				CLANG_ANALYZER_NONNULL = YES;
				CLANG_ANALYZER_NUMBER_OBJECT_CONVERSION = YES_AGGRESSIVE;
				CLANG_CXX_LANGUAGE_STANDARD = "gnu++14";
				CLANG_CXX_LIBRARY = "libc++";
				CLANG_ENABLE_MODULES = YES;
				CLANG_ENABLE_OBJC_ARC = YES;
				CLANG_ENABLE_OBJC_WEAK = YES;
				CLANG_WARN_BLOCK_CAPTURE_AUTORELEASING = YES;
				CLANG_WARN_BOOL_CONVERSION = YES;
				CLANG_WARN_COMMA = YES;
				CLANG_WARN_CONSTANT_CONVERSION = YES;
				CLANG_WARN_DEPRECATED_OBJC_IMPLEMENTATIONS = YES;
				CLANG_WARN_DIRECT_OBJC_ISA_USAGE = YES_ERROR;
				CLANG_WARN_DOCUMENTATION_COMMENTS = YES;
				CLANG_WARN_EMPTY_BODY = YES;
				CLANG_WARN_ENUM_CONVERSION = YES;
				CLANG_WARN_INFINITE_RECURSION = YES;
				CLANG_WARN_INT_CONVERSION = YES;
				CLANG_WARN_NON_LITERAL_NULL_CONVERSION = YES;
				CLANG_WARN_OBJC_IMPLICIT_RETAIN_SELF = YES;
				CLANG_WARN_OBJC_LITERAL_CONVERSION = YES;
				CLANG_WARN_OBJC_ROOT_CLASS = YES_ERROR;
				CLANG_WARN_QUOTED_INCLUDE_IN_FRAMEWORK_HEADER = YES;
				CLANG_WARN_RANGE_LOOP_ANALYSIS = YES;
				CLANG_WARN_STRICT_PROTOTYPES = YES;
				CLANG_WARN_SUSPICIOUS_MOVE = YES;
				CLANG_WARN_UNGUARDED_AVAILABILITY = YES_AGGRESSIVE;
				CLANG_WARN_UNREACHABLE_CODE = YES;
				CLANG_WARN__DUPLICATE_METHOD_MATCH = YES;
				COPY_PHASE_STRIP = NO;
				DEBUG_INFORMATION_FORMAT = "dwarf-with-dsym";
				ENABLE_NS_ASSERTIONS = NO;
				ENABLE_STRICT_OBJC_MSGSEND = YES;
				GCC_C_LANGUAGE_STANDARD = gnu11;
				GCC_NO_COMMON_BLOCKS = YES;
				GCC_WARN_64_TO_32_BIT_CONVERSION = YES;
				GCC_WARN_ABOUT_RETURN_TYPE = YES_ERROR;
				GCC_WARN_UNDECLARED_SELECTOR = YES;
				GCC_WARN_UNINITIALIZED_AUTOS = YES_AGGRESSIVE;
				GCC_WARN_UNUSED_FUNCTION = YES;
				GCC_WARN_UNUSED_VARIABLE = YES;
				IPHONEOS_DEPLOYMENT_TARGET = 14.3;
				MTL_ENABLE_DEBUG_INFO = NO;
				MTL_FAST_MATH = YES;
				SDKROOT = iphoneos;
				SWIFT_COMPILATION_MODE = wholemodule;
				SWIFT_OPTIMIZATION_LEVEL = "-O";
				VALIDATE_PRODUCT = YES;
			};
			name = Release;
		};
		25720E7825AD711C0092B36F /* Debug */ = {
			isa = XCBuildConfiguration;
			buildSettings = {
				ASSETCATALOG_COMPILER_APPICON_NAME = AppIcon;
				ASSETCATALOG_COMPILER_GLOBAL_ACCENT_COLOR_NAME = AccentColor;
				CODE_SIGN_STYLE = Automatic;
				DEVELOPMENT_ASSET_PATHS = "\"dummy_swiftui/Preview Content\"";
				DEVELOPMENT_TEAM = 3XE4MA22VR;
				ENABLE_PREVIEWS = YES;
				INFOPLIST_FILE = dummy_swiftui/Info.plist;
				IPHONEOS_DEPLOYMENT_TARGET = 14.0;
				LD_RUNPATH_SEARCH_PATHS = (
					"$(inherited)",
					"@executable_path/Frameworks",
				);
				PRODUCT_BUNDLE_IDENTIFIER = "aij.dummy-swiftui";
				PRODUCT_NAME = "$(TARGET_NAME)";
				SWIFT_VERSION = 5.0;
				TARGETED_DEVICE_FAMILY = "1,2";
			};
			name = Debug;
		};
		25720E7925AD711C0092B36F /* Release */ = {
			isa = XCBuildConfiguration;
			buildSettings = {
				ASSETCATALOG_COMPILER_APPICON_NAME = AppIcon;
				ASSETCATALOG_COMPILER_GLOBAL_ACCENT_COLOR_NAME = AccentColor;
				CODE_SIGN_STYLE = Automatic;
				DEVELOPMENT_ASSET_PATHS = "\"dummy_swiftui/Preview Content\"";
				DEVELOPMENT_TEAM = 3XE4MA22VR;
				ENABLE_PREVIEWS = YES;
				INFOPLIST_FILE = dummy_swiftui/Info.plist;
				IPHONEOS_DEPLOYMENT_TARGET = 14.0;
				LD_RUNPATH_SEARCH_PATHS = (
					"$(inherited)",
					"@executable_path/Frameworks",
				);
				PRODUCT_BUNDLE_IDENTIFIER = "aij.dummy-swiftui";
				PRODUCT_NAME = "$(TARGET_NAME)";
				SWIFT_VERSION = 5.0;
				TARGETED_DEVICE_FAMILY = "1,2";
			};
			name = Release;
		};
		25720E7B25AD711C0092B36F /* Debug */ = {
			isa = XCBuildConfiguration;
			buildSettings = {
				ALWAYS_EMBED_SWIFT_STANDARD_LIBRARIES = YES;
				BUNDLE_LOADER = "$(TEST_HOST)";
				CODE_SIGN_STYLE = Automatic;
				DEVELOPMENT_TEAM = 3XE4MA22VR;
				INFOPLIST_FILE = dummy_swiftuiTests/Info.plist;
				IPHONEOS_DEPLOYMENT_TARGET = 14.0;
				LD_RUNPATH_SEARCH_PATHS = (
					"$(inherited)",
					"@executable_path/Frameworks",
					"@loader_path/Frameworks",
				);
				PRODUCT_BUNDLE_IDENTIFIER = "aij.dummy-swiftuiTests";
				PRODUCT_NAME = "$(TARGET_NAME)";
				SWIFT_VERSION = 5.0;
				TARGETED_DEVICE_FAMILY = "1,2";
				TEST_HOST = "$(BUILT_PRODUCTS_DIR)/dummy_swiftui.app/dummy_swiftui";
			};
			name = Debug;
		};
		25720E7C25AD711C0092B36F /* Release */ = {
			isa = XCBuildConfiguration;
			buildSettings = {
				ALWAYS_EMBED_SWIFT_STANDARD_LIBRARIES = YES;
				BUNDLE_LOADER = "$(TEST_HOST)";
				CODE_SIGN_STYLE = Automatic;
				DEVELOPMENT_TEAM = 3XE4MA22VR;
				INFOPLIST_FILE = dummy_swiftuiTests/Info.plist;
				IPHONEOS_DEPLOYMENT_TARGET = 14.0;
				LD_RUNPATH_SEARCH_PATHS = (
					"$(inherited)",
					"@executable_path/Frameworks",
					"@loader_path/Frameworks",
				);
				PRODUCT_BUNDLE_IDENTIFIER = "aij.dummy-swiftuiTests";
				PRODUCT_NAME = "$(TARGET_NAME)";
				SWIFT_VERSION = 5.0;
				TARGETED_DEVICE_FAMILY = "1,2";
				TEST_HOST = "$(BUILT_PRODUCTS_DIR)/dummy_swiftui.app/dummy_swiftui";
			};
			name = Release;
		};
		25720E7E25AD711C0092B36F /* Debug */ = {
			isa = XCBuildConfiguration;
			buildSettings = {
				ALWAYS_EMBED_SWIFT_STANDARD_LIBRARIES = YES;
				CODE_SIGN_STYLE = Automatic;
				DEVELOPMENT_TEAM = 3XE4MA22VR;
				INFOPLIST_FILE = dummy_swiftuiUITests/Info.plist;
				LD_RUNPATH_SEARCH_PATHS = (
					"$(inherited)",
					"@executable_path/Frameworks",
					"@loader_path/Frameworks",
				);
				PRODUCT_BUNDLE_IDENTIFIER = "aij.dummy-swiftuiUITests";
				PRODUCT_NAME = "$(TARGET_NAME)";
				SWIFT_VERSION = 5.0;
				TARGETED_DEVICE_FAMILY = "1,2";
				TEST_TARGET_NAME = dummy_swiftui;
			};
			name = Debug;
		};
		25720E7F25AD711C0092B36F /* Release */ = {
			isa = XCBuildConfiguration;
			buildSettings = {
				ALWAYS_EMBED_SWIFT_STANDARD_LIBRARIES = YES;
				CODE_SIGN_STYLE = Automatic;
				DEVELOPMENT_TEAM = 3XE4MA22VR;
				INFOPLIST_FILE = dummy_swiftuiUITests/Info.plist;
				LD_RUNPATH_SEARCH_PATHS = (
					"$(inherited)",
					"@executable_path/Frameworks",
					"@loader_path/Frameworks",
				);
				PRODUCT_BUNDLE_IDENTIFIER = "aij.dummy-swiftuiUITests";
				PRODUCT_NAME = "$(TARGET_NAME)";
				SWIFT_VERSION = 5.0;
				TARGETED_DEVICE_FAMILY = "1,2";
				TEST_TARGET_NAME = dummy_swiftui;
			};
			name = Release;
		};
/* End XCBuildConfiguration section */

/* Begin XCConfigurationList section */
		25720E4D25AD711B0092B36F /* Build configuration list for PBXProject "dummy_swiftui" */ = {
			isa = XCConfigurationList;
			buildConfigurations = (
				25720E7525AD711C0092B36F /* Debug */,
				25720E7625AD711C0092B36F /* Release */,
			);
			defaultConfigurationIsVisible = 0;
			defaultConfigurationName = Release;
		};
		25720E7725AD711C0092B36F /* Build configuration list for PBXNativeTarget "dummy_swiftui" */ = {
			isa = XCConfigurationList;
			buildConfigurations = (
				25720E7825AD711C0092B36F /* Debug */,
				25720E7925AD711C0092B36F /* Release */,
			);
			defaultConfigurationIsVisible = 0;
			defaultConfigurationName = Release;
		};
		25720E7A25AD711C0092B36F /* Build configuration list for PBXNativeTarget "dummy_swiftuiTests" */ = {
			isa = XCConfigurationList;
			buildConfigurations = (
				25720E7B25AD711C0092B36F /* Debug */,
				25720E7C25AD711C0092B36F /* Release */,
			);
			defaultConfigurationIsVisible = 0;
			defaultConfigurationName = Release;
		};
		25720E7D25AD711C0092B36F /* Build configuration list for PBXNativeTarget "dummy_swiftuiUITests" */ = {
			isa = XCConfigurationList;
			buildConfigurations = (
				25720E7E25AD711C0092B36F /* Debug */,
				25720E7F25AD711C0092B36F /* Release */,
			);
			defaultConfigurationIsVisible = 0;
			defaultConfigurationName = Release;
		};
/* End XCConfigurationList section */
	};
	rootObject = 25720E4A25AD711B0092B36F /* Project object */;
}
